
Microsoft Visual Studio Solution File, Format Version 12.00
# Visual Studio Version 17
VisualStudioVersion = 17.9.34622.214
MinimumVisualStudioVersion = 10.0.40219.1
Project("{9A19103F-16F7-4668-BE54-9A1E7A4F7556}") = "FusDotnetDemo", "FusDotnetDemo.csproj", "{B16A2644-F8B2-45C7-9722-B33F77AF6CDB}"
EndProject
Global
	GlobalSection(SolutionConfigurationPlatforms) = preSolution
		Debug|Any CPU = Debug|Any CPU
		Release|Any CPU = Release|Any CPU
	EndGlobalSection
	GlobalSection(ProjectConfigurationPlatforms) = postSolution
		{B16A2644-F8B2-45C7-9722-B33F77AF6CDB}.Debug|Any CPU.ActiveCfg = Debug|Any CPU
		{B16A2644-F8B2-45C7-9722-B33F77AF6CDB}.Debug|Any CPU.Build.0 = Debug|Any CPU
		{B16A2644-F8B2-45C7-9722-B33F77AF6CDB}.Release|Any CPU.ActiveCfg = Release|Any CPU
		{B16A2644-F8B2-45C7-9722-B33F77AF6CDB}.Release|Any CPU.Build.0 = Release|Any CPU
	EndGlobalSection
	GlobalSection(SolutionProperties) = preSolution
		HideSolutionNode = FALSE
	EndGlobalSection
	GlobalSection(ExtensibilityGlobals) = postSolution
		SolutionGuid = {5BA2A590-29E7-48DB-8AD5-E677D7042095}
	EndGlobalSection
EndGlobal
